// !$*UTF8*$!
{
	archiveVersion = 1;
	classes = {
	};
	objectVersion = 56;
	objects = {

/* Begin PBXBuildFile section */
		D383FC3C2B48FAAA008CF351 /* Person.swift in Sources */ = {isa = PBXBuildFile; fileRef = D383FC3B2B48FAAA008CF351 /* Person.swift */; };
		D3DC27392B47D55900A89F7B /* OPApp.swift in Sources */ = {isa = PBXBuildFile; fileRef = D3DC27092B47D55800A89F7B /* OPApp.swift */; };
		D3EBE72B2B48F8550024BC09 /* ContentView.swift in Sources */ = {isa = PBXBuildFile; fileRef = D3EBE72A2B48F8540024BC09 /* ContentView.swift */; };
		D3EBE72F2B48F8870024BC09 /* Event.swift in Sources */ = {isa = PBXBuildFile; fileRef = D3EBE72E2B48F8870024BC09 /* Event.swift */; };
		D3EBE7352B48F8CA0024BC09 /* PeopleView.swift in Sources */ = {isa = PBXBuildFile; fileRef = D3EBE7312B48F8CA0024BC09 /* PeopleView.swift */; };
		D3EBE7362B48F8CA0024BC09 /* EditPersonView.swift in Sources */ = {isa = PBXBuildFile; fileRef = D3EBE7322B48F8CA0024BC09 /* EditPersonView.swift */; };
		D3EBE7372B48F8CA0024BC09 /* EditEventView.swift in Sources */ = {isa = PBXBuildFile; fileRef = D3EBE7332B48F8CA0024BC09 /* EditEventView.swift */; };
		D3EBE7382B48F8CA0024BC09 /* Previewer.swift in Sources */ = {isa = PBXBuildFile; fileRef = D3EBE7342B48F8CA0024BC09 /* Previewer.swift */; };
		D3F938752B48ED1F00DF45B5 /* Localizable.xcstrings in Resources */ = {isa = PBXBuildFile; fileRef = D3F938722B48ED1F00DF45B5 /* Localizable.xcstrings */; };
		D3F938762B48ED1F00DF45B5 /* InfoPlist.xcstrings in Resources */ = {isa = PBXBuildFile; fileRef = D3F938732B48ED1F00DF45B5 /* InfoPlist.xcstrings */; };
		D3F938772B48ED1F00DF45B5 /* Launch Screen.storyboard in Resources */ = {isa = PBXBuildFile; fileRef = D3F938742B48ED1F00DF45B5 /* Launch Screen.storyboard */; };
		D3F938992B48EDE400DF45B5 /* QuotesListView.swift in Sources */ = {isa = PBXBuildFile; fileRef = D3F9387E2B48EDE400DF45B5 /* QuotesListView.swift */; };
		D3F9389A2B48EDE400DF45B5 /* ContactsView.swift in Sources */ = {isa = PBXBuildFile; fileRef = D3F938802B48EDE400DF45B5 /* ContactsView.swift */; };
		D3F9389B2B48EDE400DF45B5 /* NewContactView.swift in Sources */ = {isa = PBXBuildFile; fileRef = D3F938812B48EDE400DF45B5 /* NewContactView.swift */; };
		D3F9389C2B48EDE400DF45B5 /* ContactsStackView.swift in Sources */ = {isa = PBXBuildFile; fileRef = D3F938822B48EDE400DF45B5 /* ContactsStackView.swift */; };
		D3F9389D2B48EDE400DF45B5 /* Assets.xcassets in Resources */ = {isa = PBXBuildFile; fileRef = D3F938842B48EDE400DF45B5 /* Assets.xcassets */; };
		D3F9389E2B48EDE400DF45B5 /* Preview Assets.xcassets in Resources */ = {isa = PBXBuildFile; fileRef = D3F938852B48EDE400DF45B5 /* Preview Assets.xcassets */; };
		D3F9389F2B48EDE400DF45B5 /* PreviewContainer.swift in Sources */ = {isa = PBXBuildFile; fileRef = D3F938872B48EDE400DF45B5 /* PreviewContainer.swift */; };
		D3F938A02B48EDE400DF45B5 /* ContactSamples.swift in Sources */ = {isa = PBXBuildFile; fileRef = D3F938882B48EDE400DF45B5 /* ContactSamples.swift */; };
		D3F938A12B48EDE400DF45B5 /* OpportunitySamples.swift in Sources */ = {isa = PBXBuildFile; fileRef = D3F938892B48EDE400DF45B5 /* OpportunitySamples.swift */; };
		D3F938A22B48EDE400DF45B5 /* Quote.swift in Sources */ = {isa = PBXBuildFile; fileRef = D3F9388B2B48EDE400DF45B5 /* Quote.swift */; };
		D3F938A32B48EDE400DF45B5 /* Opportunity.swift in Sources */ = {isa = PBXBuildFile; fileRef = D3F9388C2B48EDE400DF45B5 /* Opportunity.swift */; };
		D3F938A42B48EDE400DF45B5 /* Contact.swift in Sources */ = {isa = PBXBuildFile; fileRef = D3F9388D2B48EDE400DF45B5 /* Contact.swift */; };
		D3F938A52B48EDE400DF45B5 /* EditOpportunitiesView.swift in Sources */ = {isa = PBXBuildFile; fileRef = D3F9388F2B48EDE400DF45B5 /* EditOpportunitiesView.swift */; };
		D3F938A62B48EDE400DF45B5 /* NewOpportunitiesView.swift in Sources */ = {isa = PBXBuildFile; fileRef = D3F938902B48EDE400DF45B5 /* NewOpportunitiesView.swift */; };
		D3F938A72B48EDE400DF45B5 /* OpportunitiesList.swift in Sources */ = {isa = PBXBuildFile; fileRef = D3F938912B48EDE400DF45B5 /* OpportunitiesList.swift */; };
		D3F938A82B48EDE400DF45B5 /* OpportunitiesListView.swift in Sources */ = {isa = PBXBuildFile; fileRef = D3F938922B48EDE400DF45B5 /* OpportunitiesListView.swift */; };
		D3F938A92B48EDE400DF45B5 /* UIColor+Extension.swift in Sources */ = {isa = PBXBuildFile; fileRef = D3F938942B48EDE400DF45B5 /* UIColor+Extension.swift */; };
		D3F938AB2B48EDE400DF45B5 /* Color+Extension.swift in Sources */ = {isa = PBXBuildFile; fileRef = D3F938962B48EDE400DF45B5 /* Color+Extension.swift */; };
		D3F938AC2B48EDE400DF45B5 /* RatingsView.swift in Sources */ = {isa = PBXBuildFile; fileRef = D3F938982B48EDE400DF45B5 /* RatingsView.swift */; };
/* End PBXBuildFile section */

/* Begin PBXFileReference section */
		D383FC3B2B48FAAA008CF351 /* Person.swift */ = {isa = PBXFileReference; lastKnownFileType = sourcecode.swift; path = Person.swift; sourceTree = "<group>"; };
		D3DC26E12B47D52400A89F7B /* OP.app */ = {isa = PBXFileReference; explicitFileType = wrapper.application; includeInIndex = 0; path = OP.app; sourceTree = BUILT_PRODUCTS_DIR; };
		D3DC27092B47D55800A89F7B /* OPApp.swift */ = {isa = PBXFileReference; fileEncoding = 4; lastKnownFileType = sourcecode.swift; path = OPApp.swift; sourceTree = "<group>"; };
		D3EBE72A2B48F8540024BC09 /* ContentView.swift */ = {isa = PBXFileReference; fileEncoding = 4; lastKnownFileType = sourcecode.swift; path = ContentView.swift; sourceTree = "<group>"; };
		D3EBE72E2B48F8870024BC09 /* Event.swift */ = {isa = PBXFileReference; fileEncoding = 4; lastKnownFileType = sourcecode.swift; path = Event.swift; sourceTree = "<group>"; };
		D3EBE7312B48F8CA0024BC09 /* PeopleView.swift */ = {isa = PBXFileReference; fileEncoding = 4; lastKnownFileType = sourcecode.swift; path = PeopleView.swift; sourceTree = "<group>"; };
		D3EBE7322B48F8CA0024BC09 /* EditPersonView.swift */ = {isa = PBXFileReference; fileEncoding = 4; lastKnownFileType = sourcecode.swift; path = EditPersonView.swift; sourceTree = "<group>"; };
		D3EBE7332B48F8CA0024BC09 /* EditEventView.swift */ = {isa = PBXFileReference; fileEncoding = 4; lastKnownFileType = sourcecode.swift; path = EditEventView.swift; sourceTree = "<group>"; };
		D3EBE7342B48F8CA0024BC09 /* Previewer.swift */ = {isa = PBXFileReference; fileEncoding = 4; lastKnownFileType = sourcecode.swift; path = Previewer.swift; sourceTree = "<group>"; };
		D3F938722B48ED1F00DF45B5 /* Localizable.xcstrings */ = {isa = PBXFileReference; fileEncoding = 4; lastKnownFileType = text.json.xcstrings; path = Localizable.xcstrings; sourceTree = "<group>"; };
		D3F938732B48ED1F00DF45B5 /* InfoPlist.xcstrings */ = {isa = PBXFileReference; fileEncoding = 4; lastKnownFileType = text.json.xcstrings; path = InfoPlist.xcstrings; sourceTree = "<group>"; };
		D3F938742B48ED1F00DF45B5 /* Launch Screen.storyboard */ = {isa = PBXFileReference; fileEncoding = 4; lastKnownFileType = file.storyboard; path = "Launch Screen.storyboard"; sourceTree = "<group>"; };
		D3F938782B48ED4000DF45B5 /* MyBooks.entitlements */ = {isa = PBXFileReference; fileEncoding = 4; lastKnownFileType = text.plist.entitlements; path = MyBooks.entitlements; sourceTree = "<group>"; };
		D3F9387E2B48EDE400DF45B5 /* QuotesListView.swift */ = {isa = PBXFileReference; fileEncoding = 4; lastKnownFileType = sourcecode.swift; path = QuotesListView.swift; sourceTree = "<group>"; };
		D3F938802B48EDE400DF45B5 /* ContactsView.swift */ = {isa = PBXFileReference; fileEncoding = 4; lastKnownFileType = sourcecode.swift; path = ContactsView.swift; sourceTree = "<group>"; };
		D3F938812B48EDE400DF45B5 /* NewContactView.swift */ = {isa = PBXFileReference; fileEncoding = 4; lastKnownFileType = sourcecode.swift; path = NewContactView.swift; sourceTree = "<group>"; };
		D3F938822B48EDE400DF45B5 /* ContactsStackView.swift */ = {isa = PBXFileReference; fileEncoding = 4; lastKnownFileType = sourcecode.swift; path = ContactsStackView.swift; sourceTree = "<group>"; };
		D3F938842B48EDE400DF45B5 /* Assets.xcassets */ = {isa = PBXFileReference; lastKnownFileType = folder.assetcatalog; path = Assets.xcassets; sourceTree = "<group>"; };
		D3F938852B48EDE400DF45B5 /* Preview Assets.xcassets */ = {isa = PBXFileReference; lastKnownFileType = folder.assetcatalog; path = "Preview Assets.xcassets"; sourceTree = "<group>"; };
		D3F938872B48EDE400DF45B5 /* PreviewContainer.swift */ = {isa = PBXFileReference; fileEncoding = 4; lastKnownFileType = sourcecode.swift; path = PreviewContainer.swift; sourceTree = "<group>"; };
		D3F938882B48EDE400DF45B5 /* ContactSamples.swift */ = {isa = PBXFileReference; fileEncoding = 4; lastKnownFileType = sourcecode.swift; path = ContactSamples.swift; sourceTree = "<group>"; };
		D3F938892B48EDE400DF45B5 /* OpportunitySamples.swift */ = {isa = PBXFileReference; fileEncoding = 4; lastKnownFileType = sourcecode.swift; path = OpportunitySamples.swift; sourceTree = "<group>"; };
		D3F9388B2B48EDE400DF45B5 /* Quote.swift */ = {isa = PBXFileReference; fileEncoding = 4; lastKnownFileType = sourcecode.swift; path = Quote.swift; sourceTree = "<group>"; };
		D3F9388C2B48EDE400DF45B5 /* Opportunity.swift */ = {isa = PBXFileReference; fileEncoding = 4; lastKnownFileType = sourcecode.swift; path = Opportunity.swift; sourceTree = "<group>"; };
		D3F9388D2B48EDE400DF45B5 /* Contact.swift */ = {isa = PBXFileReference; fileEncoding = 4; lastKnownFileType = sourcecode.swift; path = Contact.swift; sourceTree = "<group>"; };
		D3F9388F2B48EDE400DF45B5 /* EditOpportunitiesView.swift */ = {isa = PBXFileReference; fileEncoding = 4; lastKnownFileType = sourcecode.swift; path = EditOpportunitiesView.swift; sourceTree = "<group>"; };
		D3F938902B48EDE400DF45B5 /* NewOpportunitiesView.swift */ = {isa = PBXFileReference; fileEncoding = 4; lastKnownFileType = sourcecode.swift; path = NewOpportunitiesView.swift; sourceTree = "<group>"; };
		D3F938912B48EDE400DF45B5 /* OpportunitiesList.swift */ = {isa = PBXFileReference; fileEncoding = 4; lastKnownFileType = sourcecode.swift; path = OpportunitiesList.swift; sourceTree = "<group>"; };
		D3F938922B48EDE400DF45B5 /* OpportunitiesListView.swift */ = {isa = PBXFileReference; fileEncoding = 4; lastKnownFileType = sourcecode.swift; path = OpportunitiesListView.swift; sourceTree = "<group>"; };
		D3F938942B48EDE400DF45B5 /* UIColor+Extension.swift */ = {isa = PBXFileReference; fileEncoding = 4; lastKnownFileType = sourcecode.swift; path = "UIColor+Extension.swift"; sourceTree = "<group>"; };
		D3F938962B48EDE400DF45B5 /* Color+Extension.swift */ = {isa = PBXFileReference; fileEncoding = 4; lastKnownFileType = sourcecode.swift; path = "Color+Extension.swift"; sourceTree = "<group>"; };
		D3F938982B48EDE400DF45B5 /* RatingsView.swift */ = {isa = PBXFileReference; fileEncoding = 4; lastKnownFileType = sourcecode.swift; path = RatingsView.swift; sourceTree = "<group>"; };
/* End PBXFileReference section */

/* Begin PBXFrameworksBuildPhase section */
		D3DC26DE2B47D52400A89F7B /* Frameworks */ = {
			isa = PBXFrameworksBuildPhase;
			buildActionMask = 2147483647;
			files = (
			);
			runOnlyForDeploymentPostprocessing = 0;
		};
/* End PBXFrameworksBuildPhase section */

/* Begin PBXGroup section */
		D3DC26D82B47D52400A89F7B = {
			isa = PBXGroup;
			children = (
				D3F938732B48ED1F00DF45B5 /* InfoPlist.xcstrings */,
				D3F938742B48ED1F00DF45B5 /* Launch Screen.storyboard */,
				D3F938722B48ED1F00DF45B5 /* Localizable.xcstrings */,
				D3DC26E32B47D52400A89F7B /* OP */,
				D3DC26E22B47D52400A89F7B /* Products */,
			);
			sourceTree = "<group>";
		};
		D3DC26E22B47D52400A89F7B /* Products */ = {
			isa = PBXGroup;
			children = (
				D3DC26E12B47D52400A89F7B /* OP.app */,
			);
			name = Products;
			sourceTree = "<group>";
		};
		D3DC26E32B47D52400A89F7B /* OP */ = {
			isa = PBXGroup;
			children = (
				D3F938782B48ED4000DF45B5 /* MyBooks.entitlements */,
				D3DC27092B47D55800A89F7B /* OPApp.swift */,
				D3EBE72A2B48F8540024BC09 /* ContentView.swift */,
				D3F9388A2B48EDE400DF45B5 /* Models */,
				D3F938972B48EDE400DF45B5 /* Accessory View */,
				D3F9387F2B48EDE400DF45B5 /* Contacts */,
				D3F938932B48EDE400DF45B5 /* Extensions */,
				D3F9388E2B48EDE400DF45B5 /* Opportunities */,
				D3F938832B48EDE400DF45B5 /* Preview Content */,
				D3F938862B48EDE400DF45B5 /* Previews */,
				D3F9387D2B48EDE400DF45B5 /* Quotes */,
				D3EBE7302B48F89A0024BC09 /* Events */,
			);
			path = OP;
			sourceTree = "<group>";
		};
		D3EBE7302B48F89A0024BC09 /* Events */ = {
			isa = PBXGroup;
			children = (
				D3EBE7332B48F8CA0024BC09 /* EditEventView.swift */,
				D3EBE7322B48F8CA0024BC09 /* EditPersonView.swift */,
				D3EBE7312B48F8CA0024BC09 /* PeopleView.swift */,
			);
			path = Events;
			sourceTree = "<group>";
		};
		D3F9387D2B48EDE400DF45B5 /* Quotes */ = {
			isa = PBXGroup;
			children = (
				D3F9387E2B48EDE400DF45B5 /* QuotesListView.swift */,
			);
			path = Quotes;
			sourceTree = "<group>";
		};
		D3F9387F2B48EDE400DF45B5 /* Contacts */ = {
			isa = PBXGroup;
			children = (
				D3F938802B48EDE400DF45B5 /* ContactsView.swift */,
				D3F938812B48EDE400DF45B5 /* NewContactView.swift */,
				D3F938822B48EDE400DF45B5 /* ContactsStackView.swift */,
			);
			path = Contacts;
			sourceTree = "<group>";
		};
		D3F938832B48EDE400DF45B5 /* Preview Content */ = {
			isa = PBXGroup;
			children = (
				D3F938842B48EDE400DF45B5 /* Assets.xcassets */,
				D3F938852B48EDE400DF45B5 /* Preview Assets.xcassets */,
			);
			path = "Preview Content";
			sourceTree = "<group>";
		};
		D3F938862B48EDE400DF45B5 /* Previews */ = {
			isa = PBXGroup;
			children = (
				D3F938872B48EDE400DF45B5 /* PreviewContainer.swift */,
				D3F938882B48EDE400DF45B5 /* ContactSamples.swift */,
				D3F938892B48EDE400DF45B5 /* OpportunitySamples.swift */,
				D3EBE7342B48F8CA0024BC09 /* Previewer.swift */,
			);
			path = Previews;
			sourceTree = "<group>";
		};
		D3F9388A2B48EDE400DF45B5 /* Models */ = {
			isa = PBXGroup;
			children = (
				D3F9388B2B48EDE400DF45B5 /* Quote.swift */,
				D3F9388C2B48EDE400DF45B5 /* Opportunity.swift */,
				D3F9388D2B48EDE400DF45B5 /* Contact.swift */,
				D383FC3B2B48FAAA008CF351 /* Person.swift */,
				D3EBE72E2B48F8870024BC09 /* Event.swift */,
			);
			path = Models;
			sourceTree = "<group>";
		};
		D3F9388E2B48EDE400DF45B5 /* Opportunities */ = {
			isa = PBXGroup;
			children = (
				D3F9388F2B48EDE400DF45B5 /* EditOpportunitiesView.swift */,
				D3F938902B48EDE400DF45B5 /* NewOpportunitiesView.swift */,
				D3F938912B48EDE400DF45B5 /* OpportunitiesList.swift */,
				D3F938922B48EDE400DF45B5 /* OpportunitiesListView.swift */,
			);
			path = Opportunities;
			sourceTree = "<group>";
		};
		D3F938932B48EDE400DF45B5 /* Extensions */ = {
			isa = PBXGroup;
			children = (
				D3F938942B48EDE400DF45B5 /* UIColor+Extension.swift */,
				D3F938962B48EDE400DF45B5 /* Color+Extension.swift */,
			);
			path = Extensions;
			sourceTree = "<group>";
		};
		D3F938972B48EDE400DF45B5 /* Accessory View */ = {
			isa = PBXGroup;
			children = (
				D3F938982B48EDE400DF45B5 /* RatingsView.swift */,
			);
			path = "Accessory View";
			sourceTree = "<group>";
		};
/* End PBXGroup section */

/* Begin PBXNativeTarget section */
		D3DC26E02B47D52400A89F7B /* OP */ = {
			isa = PBXNativeTarget;
			buildConfigurationList = D3DC26F12B47D52500A89F7B /* Build configuration list for PBXNativeTarget "OP" */;
			buildPhases = (
				D3DC26DD2B47D52400A89F7B /* Sources */,
				D3DC26DE2B47D52400A89F7B /* Frameworks */,
				D3DC26DF2B47D52400A89F7B /* Resources */,
			);
			buildRules = (
			);
			dependencies = (
			);
			name = OP;
			productName = OP;
			productReference = D3DC26E12B47D52400A89F7B /* OP.app */;
			productType = "com.apple.product-type.application";
		};
/* End PBXNativeTarget section */

/* Begin PBXProject section */
		D3DC26D92B47D52400A89F7B /* Project object */ = {
			isa = PBXProject;
			attributes = {
				BuildIndependentTargetsInParallel = 1;
				LastSwiftUpdateCheck = 1510;
				LastUpgradeCheck = 1510;
				TargetAttributes = {
					D3DC26E02B47D52400A89F7B = {
						CreatedOnToolsVersion = 15.1;
					};
				};
			};
			buildConfigurationList = D3DC26DC2B47D52400A89F7B /* Build configuration list for PBXProject "OP" */;
			compatibilityVersion = "Xcode 14.0";
			developmentRegion = en;
			hasScannedForEncodings = 0;
			knownRegions = (
				en,
				Base,
			);
			mainGroup = D3DC26D82B47D52400A89F7B;
			productRefGroup = D3DC26E22B47D52400A89F7B /* Products */;
			projectDirPath = "";
			projectRoot = "";
			targets = (
				D3DC26E02B47D52400A89F7B /* OP */,
			);
		};
/* End PBXProject section */

/* Begin PBXResourcesBuildPhase section */
		D3DC26DF2B47D52400A89F7B /* Resources */ = {
			isa = PBXResourcesBuildPhase;
			buildActionMask = 2147483647;
			files = (
				D3F938772B48ED1F00DF45B5 /* Launch Screen.storyboard in Resources */,
				D3F938762B48ED1F00DF45B5 /* InfoPlist.xcstrings in Resources */,
				D3F938752B48ED1F00DF45B5 /* Localizable.xcstrings in Resources */,
				D3F9389E2B48EDE400DF45B5 /* Preview Assets.xcassets in Resources */,
				D3F9389D2B48EDE400DF45B5 /* Assets.xcassets in Resources */,
			);
			runOnlyForDeploymentPostprocessing = 0;
		};
/* End PBXResourcesBuildPhase section */

/* Begin PBXSourcesBuildPhase section */
		D3DC26DD2B47D52400A89F7B /* Sources */ = {
			isa = PBXSourcesBuildPhase;
			buildActionMask = 2147483647;
			files = (
				D383FC3C2B48FAAA008CF351 /* Person.swift in Sources */,
				D3F9389F2B48EDE400DF45B5 /* PreviewContainer.swift in Sources */,
				D3F9389B2B48EDE400DF45B5 /* NewContactView.swift in Sources */,
				D3F938A02B48EDE400DF45B5 /* ContactSamples.swift in Sources */,
				D3F9389A2B48EDE400DF45B5 /* ContactsView.swift in Sources */,
				D3F938A62B48EDE400DF45B5 /* NewOpportunitiesView.swift in Sources */,
				D3F938A72B48EDE400DF45B5 /* OpportunitiesList.swift in Sources */,
				D3F938A22B48EDE400DF45B5 /* Quote.swift in Sources */,
				D3EBE7352B48F8CA0024BC09 /* PeopleView.swift in Sources */,
				D3F938A92B48EDE400DF45B5 /* UIColor+Extension.swift in Sources */,
				D3EBE72B2B48F8550024BC09 /* ContentView.swift in Sources */,
				D3F9389C2B48EDE400DF45B5 /* ContactsStackView.swift in Sources */,
				D3F938A42B48EDE400DF45B5 /* Contact.swift in Sources */,
				D3F938A12B48EDE400DF45B5 /* OpportunitySamples.swift in Sources */,
				D3F938A52B48EDE400DF45B5 /* EditOpportunitiesView.swift in Sources */,
				D3F938A82B48EDE400DF45B5 /* OpportunitiesListView.swift in Sources */,
				D3F938AC2B48EDE400DF45B5 /* RatingsView.swift in Sources */,
				D3EBE7372B48F8CA0024BC09 /* EditEventView.swift in Sources */,
				D3F938A32B48EDE400DF45B5 /* Opportunity.swift in Sources */,
				D3EBE7382B48F8CA0024BC09 /* Previewer.swift in Sources */,
				D3F938AB2B48EDE400DF45B5 /* Color+Extension.swift in Sources */,
				D3DC27392B47D55900A89F7B /* OPApp.swift in Sources */,
				D3EBE7362B48F8CA0024BC09 /* EditPersonView.swift in Sources */,
				D3EBE72F2B48F8870024BC09 /* Event.swift in Sources */,
				D3F938992B48EDE400DF45B5 /* QuotesListView.swift in Sources */,
			);
			runOnlyForDeploymentPostprocessing = 0;
		};
/* End PBXSourcesBuildPhase section */

/* Begin XCBuildConfiguration section */
		D3DC26EF2B47D52500A89F7B /* Debug */ = {
			isa = XCBuildConfiguration;
			buildSettings = {
				ALWAYS_SEARCH_USER_PATHS = NO;
				ASSETCATALOG_COMPILER_GENERATE_SWIFT_ASSET_SYMBOL_EXTENSIONS = YES;
				CLANG_ANALYZER_NONNULL = YES;
				CLANG_ANALYZER_NUMBER_OBJECT_CONVERSION = YES_AGGRESSIVE;
				CLANG_CXX_LANGUAGE_STANDARD = "gnu++20";
				CLANG_ENABLE_MODULES = YES;
				CLANG_ENABLE_OBJC_ARC = YES;
				CLANG_ENABLE_OBJC_WEAK = YES;
				CLANG_WARN_BLOCK_CAPTURE_AUTORELEASING = YES;
				CLANG_WARN_BOOL_CONVERSION = YES;
				CLANG_WARN_COMMA = YES;
				CLANG_WARN_CONSTANT_CONVERSION = YES;
				CLANG_WARN_DEPRECATED_OBJC_IMPLEMENTATIONS = YES;
				CLANG_WARN_DIRECT_OBJC_ISA_USAGE = YES_ERROR;
				CLANG_WARN_DOCUMENTATION_COMMENTS = YES;
				CLANG_WARN_EMPTY_BODY = YES;
				CLANG_WARN_ENUM_CONVERSION = YES;
				CLANG_WARN_INFINITE_RECURSION = YES;
				CLANG_WARN_INT_CONVERSION = YES;
				CLANG_WARN_NON_LITERAL_NULL_CONVERSION = YES;
				CLANG_WARN_OBJC_IMPLICIT_RETAIN_SELF = YES;
				CLANG_WARN_OBJC_LITERAL_CONVERSION = YES;
				CLANG_WARN_OBJC_ROOT_CLASS = YES_ERROR;
				CLANG_WARN_QUOTED_INCLUDE_IN_FRAMEWORK_HEADER = YES;
				CLANG_WARN_RANGE_LOOP_ANALYSIS = YES;
				CLANG_WARN_STRICT_PROTOTYPES = YES;
				CLANG_WARN_SUSPICIOUS_MOVE = YES;
				CLANG_WARN_UNGUARDED_AVAILABILITY = YES_AGGRESSIVE;
				CLANG_WARN_UNREACHABLE_CODE = YES;
				CLANG_WARN__DUPLICATE_METHOD_MATCH = YES;
				COPY_PHASE_STRIP = NO;
				DEBUG_INFORMATION_FORMAT = dwarf;
				ENABLE_STRICT_OBJC_MSGSEND = YES;
				ENABLE_TESTABILITY = YES;
				ENABLE_USER_SCRIPT_SANDBOXING = YES;
				GCC_C_LANGUAGE_STANDARD = gnu17;
				GCC_DYNAMIC_NO_PIC = NO;
				GCC_NO_COMMON_BLOCKS = YES;
				GCC_OPTIMIZATION_LEVEL = 0;
				GCC_PREPROCESSOR_DEFINITIONS = (
					"DEBUG=1",
					"$(inherited)",
				);
				GCC_WARN_64_TO_32_BIT_CONVERSION = YES;
				GCC_WARN_ABOUT_RETURN_TYPE = YES_ERROR;
				GCC_WARN_UNDECLARED_SELECTOR = YES;
				GCC_WARN_UNINITIALIZED_AUTOS = YES_AGGRESSIVE;
				GCC_WARN_UNUSED_FUNCTION = YES;
				GCC_WARN_UNUSED_VARIABLE = YES;
				IPHONEOS_DEPLOYMENT_TARGET = 17.2;
				LOCALIZATION_PREFERS_STRING_CATALOGS = YES;
				MTL_ENABLE_DEBUG_INFO = INCLUDE_SOURCE;
				MTL_FAST_MATH = YES;
				ONLY_ACTIVE_ARCH = YES;
				SDKROOT = iphoneos;
				SWIFT_ACTIVE_COMPILATION_CONDITIONS = "DEBUG $(inherited)";
				SWIFT_OPTIMIZATION_LEVEL = "-Onone";
			};
			name = Debug;
		};
		D3DC26F02B47D52500A89F7B /* Release */ = {
			isa = XCBuildConfiguration;
			buildSettings = {
				ALWAYS_SEARCH_USER_PATHS = NO;
				ASSETCATALOG_COMPILER_GENERATE_SWIFT_ASSET_SYMBOL_EXTENSIONS = YES;
				CLANG_ANALYZER_NONNULL = YES;
				CLANG_ANALYZER_NUMBER_OBJECT_CONVERSION = YES_AGGRESSIVE;
				CLANG_CXX_LANGUAGE_STANDARD = "gnu++20";
				CLANG_ENABLE_MODULES = YES;
				CLANG_ENABLE_OBJC_ARC = YES;
				CLANG_ENABLE_OBJC_WEAK = YES;
				CLANG_WARN_BLOCK_CAPTURE_AUTORELEASING = YES;
				CLANG_WARN_BOOL_CONVERSION = YES;
				CLANG_WARN_COMMA = YES;
				CLANG_WARN_CONSTANT_CONVERSION = YES;
				CLANG_WARN_DEPRECATED_OBJC_IMPLEMENTATIONS = YES;
				CLANG_WARN_DIRECT_OBJC_ISA_USAGE = YES_ERROR;
				CLANG_WARN_DOCUMENTATION_COMMENTS = YES;
				CLANG_WARN_EMPTY_BODY = YES;
				CLANG_WARN_ENUM_CONVERSION = YES;
				CLANG_WARN_INFINITE_RECURSION = YES;
				CLANG_WARN_INT_CONVERSION = YES;
				CLANG_WARN_NON_LITERAL_NULL_CONVERSION = YES;
				CLANG_WARN_OBJC_IMPLICIT_RETAIN_SELF = YES;
				CLANG_WARN_OBJC_LITERAL_CONVERSION = YES;
				CLANG_WARN_OBJC_ROOT_CLASS = YES_ERROR;
				CLANG_WARN_QUOTED_INCLUDE_IN_FRAMEWORK_HEADER = YES;
				CLANG_WARN_RANGE_LOOP_ANALYSIS = YES;
				CLANG_WARN_STRICT_PROTOTYPES = YES;
				CLANG_WARN_SUSPICIOUS_MOVE = YES;
				CLANG_WARN_UNGUARDED_AVAILABILITY = YES_AGGRESSIVE;
				CLANG_WARN_UNREACHABLE_CODE = YES;
				CLANG_WARN__DUPLICATE_METHOD_MATCH = YES;
				COPY_PHASE_STRIP = NO;
				DEBUG_INFORMATION_FORMAT = "dwarf-with-dsym";
				ENABLE_NS_ASSERTIONS = NO;
				ENABLE_STRICT_OBJC_MSGSEND = YES;
				ENABLE_USER_SCRIPT_SANDBOXING = YES;
				GCC_C_LANGUAGE_STANDARD = gnu17;
				GCC_NO_COMMON_BLOCKS = YES;
				GCC_WARN_64_TO_32_BIT_CONVERSION = YES;
				GCC_WARN_ABOUT_RETURN_TYPE = YES_ERROR;
				GCC_WARN_UNDECLARED_SELECTOR = YES;
				GCC_WARN_UNINITIALIZED_AUTOS = YES_AGGRESSIVE;
				GCC_WARN_UNUSED_FUNCTION = YES;
				GCC_WARN_UNUSED_VARIABLE = YES;
				IPHONEOS_DEPLOYMENT_TARGET = 17.2;
				LOCALIZATION_PREFERS_STRING_CATALOGS = YES;
				MTL_ENABLE_DEBUG_INFO = NO;
				MTL_FAST_MATH = YES;
				SDKROOT = iphoneos;
				SWIFT_COMPILATION_MODE = wholemodule;
				VALIDATE_PRODUCT = YES;
			};
			name = Release;
		};
		D3DC26F22B47D52500A89F7B /* Debug */ = {
			isa = XCBuildConfiguration;
			buildSettings = {
				ASSETCATALOG_COMPILER_APPICON_NAME = AppIcon;
				ASSETCATALOG_COMPILER_GLOBAL_ACCENT_COLOR_NAME = AccentColor;
				CODE_SIGN_STYLE = Manual;
				CURRENT_PROJECT_VERSION = 1;
				DEVELOPMENT_ASSET_PATHS = "\"OP/Preview Content\"";
				DEVELOPMENT_TEAM = "";
				ENABLE_PREVIEWS = YES;
				GENERATE_INFOPLIST_FILE = YES;
				INFOPLIST_KEY_UIApplicationSceneManifest_Generation = YES;
				INFOPLIST_KEY_UIApplicationSupportsIndirectInputEvents = YES;
				INFOPLIST_KEY_UILaunchScreen_Generation = YES;
				INFOPLIST_KEY_UISupportedInterfaceOrientations_iPad = "UIInterfaceOrientationPortrait UIInterfaceOrientationPortraitUpsideDown UIInterfaceOrientationLandscapeLeft UIInterfaceOrientationLandscapeRight";
				INFOPLIST_KEY_UISupportedInterfaceOrientations_iPhone = "UIInterfaceOrientationPortrait UIInterfaceOrientationLandscapeLeft UIInterfaceOrientationLandscapeRight";
				LD_RUNPATH_SEARCH_PATHS = (
					"$(inherited)",
					"@executable_path/Frameworks",
				);
				MARKETING_VERSION = 1.0;
				PRODUCT_BUNDLE_IDENTIFIER = com.CasperAurelius.OP;
				PRODUCT_NAME = "$(TARGET_NAME)";
				PROVISIONING_PROFILE_SPECIFIER = "";
				SWIFT_EMIT_LOC_STRINGS = YES;
				SWIFT_VERSION = 5.0;
				TARGETED_DEVICE_FAMILY = "1,2";
			};
			name = Debug;
		};
		D3DC26F32B47D52500A89F7B /* Release */ = {
			isa = XCBuildConfiguration;
			buildSettings = {
				ASSETCATALOG_COMPILER_APPICON_NAME = AppIcon;
				ASSETCATALOG_COMPILER_GLOBAL_ACCENT_COLOR_NAME = AccentColor;
				CODE_SIGN_STYLE = Manual;
				CURRENT_PROJECT_VERSION = 1;
				DEVELOPMENT_ASSET_PATHS = "\"OP/Preview Content\"";
				DEVELOPMENT_TEAM = "";
				ENABLE_PREVIEWS = YES;
				GENERATE_INFOPLIST_FILE = YES;
				INFOPLIST_KEY_UIApplicationSceneManifest_Generation = YES;
				INFOPLIST_KEY_UIApplicationSupportsIndirectInputEvents = YES;
				INFOPLIST_KEY_UILaunchScreen_Generation = YES;
				INFOPLIST_KEY_UISupportedInterfaceOrientations_iPad = "UIInterfaceOrientationPortrait UIInterfaceOrientationPortraitUpsideDown UIInterfaceOrientationLandscapeLeft UIInterfaceOrientationLandscapeRight";
				INFOPLIST_KEY_UISupportedInterfaceOrientations_iPhone = "UIInterfaceOrientationPortrait UIInterfaceOrientationLandscapeLeft UIInterfaceOrientationLandscapeRight";
				LD_RUNPATH_SEARCH_PATHS = (
					"$(inherited)",
					"@executable_path/Frameworks",
				);
				MARKETING_VERSION = 1.0;
				PRODUCT_BUNDLE_IDENTIFIER = com.CasperAurelius.OP;
				PRODUCT_NAME = "$(TARGET_NAME)";
				PROVISIONING_PROFILE_SPECIFIER = "";
				SWIFT_EMIT_LOC_STRINGS = YES;
				SWIFT_VERSION = 5.0;
				TARGETED_DEVICE_FAMILY = "1,2";
			};
			name = Release;
		};
/* End XCBuildConfiguration section */

/* Begin XCConfigurationList section */
		D3DC26DC2B47D52400A89F7B /* Build configuration list for PBXProject "OP" */ = {
			isa = XCConfigurationList;
			buildConfigurations = (
				D3DC26EF2B47D52500A89F7B /* Debug */,
				D3DC26F02B47D52500A89F7B /* Release */,
			);
			defaultConfigurationIsVisible = 0;
			defaultConfigurationName = Release;
		};
		D3DC26F12B47D52500A89F7B /* Build configuration list for PBXNativeTarget "OP" */ = {
			isa = XCConfigurationList;
			buildConfigurations = (
				D3DC26F22B47D52500A89F7B /* Debug */,
				D3DC26F32B47D52500A89F7B /* Release */,
			);
			defaultConfigurationIsVisible = 0;
			defaultConfigurationName = Release;
		};
/* End XCConfigurationList section */
	};
	rootObject = D3DC26D92B47D52400A89F7B /* Project object */;
}
